
Microsoft Visual Studio Solution File, Format Version 12.00
# Visual Studio Version 16
VisualStudioVersion = 16.0.31321.278
MinimumVisualStudioVersion = 10.0.40219.1
Project("{9A19103F-16F7-4668-BE54-9A1E7A4F7556}") = "Lesson_01_Introduction", "Introduction\Lesson_01_Introduction.csproj", "{6327E660-5338-4896-AE48-EA198A7FBB45}"
EndProject
Project("{9A19103F-16F7-4668-BE54-9A1E7A4F7556}") = "Presentations", "Presentations\Presentations.csproj", "{73311FE2-3DD3-4855-A5C7-AE80FD64F134}"
EndProject
Project("{9A19103F-16F7-4668-BE54-9A1E7A4F7556}") = "SumatorWinForm", "SumatorWinForm\SumatorWinForm.csproj", "{A5EBD38C-37D3-4ADB-95FB-38AD7F5B98BC}"
EndProject
Project("{9A19103F-16F7-4668-BE54-9A1E7A4F7556}") = "SumatorWebApp", "SumatorWebApp\SumatorWebApp.csproj", "{95C18EEF-F784-4AF0-AF98-DB3F872E89F0}"
EndProject
Project("{9A19103F-16F7-4668-BE54-9A1E7A4F7556}") = "Lesson_02_Operators", "Lesson_002_Operators\Lesson_02_Operators.csproj", "{FBBDA123-EE67-4E8A-8170-1735C152094D}"
EndProject
Project("{9A19103F-16F7-4668-BE54-9A1E7A4F7556}") = "Lesson_03_Conditional_Statements", "Lesson_03_Conditional_Statements\Lesson_03_Conditional_Statements.csproj", "{91779A7F-D1F9-4C48-944B-6DF47E596DC9}"
EndProject
Project("{9A19103F-16F7-4668-BE54-9A1E7A4F7556}") = "Lesson_04_Loops", "Lesson_04_Loops\Lesson_04_Loops.csproj", "{46D98F5F-E49F-4D55-97AB-7D621CA389AC}"
EndProject
Project("{9A19103F-16F7-4668-BE54-9A1E7A4F7556}") = "Lesson_04_Strings_and_Arrays", "Lesson_04_Strings_and_Arrays\Lesson_04_Strings_and_Arrays.csproj", "{4F9E52D9-6FC9-4F97-8117-4FF02D9C321F}"
EndProject
Project("{9A19103F-16F7-4668-BE54-9A1E7A4F7556}") = "Assignments", "Assignments\Assignments.csproj", "{CB76939C-C56C-4246-ACAB-233A43DFF9EE}"
EndProject
Project("{FAE04EC0-301F-11D3-BF4B-00C04F79EFBC}") = "Lesson_05_Classes", "Lesson_05_Classes\Lesson_05_Classes.csproj", "{AA5D66BC-F4B0-4B3F-9873-32005C9DC0C2}"
EndProject
Global
	GlobalSection(SolutionConfigurationPlatforms) = preSolution
		Debug|Any CPU = Debug|Any CPU
		Release|Any CPU = Release|Any CPU
	EndGlobalSection
	GlobalSection(ProjectConfigurationPlatforms) = postSolution
		{6327E660-5338-4896-AE48-EA198A7FBB45}.Debug|Any CPU.ActiveCfg = Debug|Any CPU
		{6327E660-5338-4896-AE48-EA198A7FBB45}.Debug|Any CPU.Build.0 = Debug|Any CPU
		{6327E660-5338-4896-AE48-EA198A7FBB45}.Release|Any CPU.ActiveCfg = Release|Any CPU
		{6327E660-5338-4896-AE48-EA198A7FBB45}.Release|Any CPU.Build.0 = Release|Any CPU
		{73311FE2-3DD3-4855-A5C7-AE80FD64F134}.Debug|Any CPU.ActiveCfg = Debug|Any CPU
		{73311FE2-3DD3-4855-A5C7-AE80FD64F134}.Debug|Any CPU.Build.0 = Debug|Any CPU
		{73311FE2-3DD3-4855-A5C7-AE80FD64F134}.Release|Any CPU.ActiveCfg = Release|Any CPU
		{73311FE2-3DD3-4855-A5C7-AE80FD64F134}.Release|Any CPU.Build.0 = Release|Any CPU
		{A5EBD38C-37D3-4ADB-95FB-38AD7F5B98BC}.Debug|Any CPU.ActiveCfg = Debug|Any CPU
		{A5EBD38C-37D3-4ADB-95FB-38AD7F5B98BC}.Debug|Any CPU.Build.0 = Debug|Any CPU
		{A5EBD38C-37D3-4ADB-95FB-38AD7F5B98BC}.Release|Any CPU.ActiveCfg = Release|Any CPU
		{A5EBD38C-37D3-4ADB-95FB-38AD7F5B98BC}.Release|Any CPU.Build.0 = Release|Any CPU
		{95C18EEF-F784-4AF0-AF98-DB3F872E89F0}.Debug|Any CPU.ActiveCfg = Debug|Any CPU
		{95C18EEF-F784-4AF0-AF98-DB3F872E89F0}.Debug|Any CPU.Build.0 = Debug|Any CPU
		{95C18EEF-F784-4AF0-AF98-DB3F872E89F0}.Release|Any CPU.ActiveCfg = Release|Any CPU
		{95C18EEF-F784-4AF0-AF98-DB3F872E89F0}.Release|Any CPU.Build.0 = Release|Any CPU
		{FBBDA123-EE67-4E8A-8170-1735C152094D}.Debug|Any CPU.ActiveCfg = Debug|Any CPU
		{FBBDA123-EE67-4E8A-8170-1735C152094D}.Debug|Any CPU.Build.0 = Debug|Any CPU
		{FBBDA123-EE67-4E8A-8170-1735C152094D}.Release|Any CPU.ActiveCfg = Release|Any CPU
		{FBBDA123-EE67-4E8A-8170-1735C152094D}.Release|Any CPU.Build.0 = Release|Any CPU
		{91779A7F-D1F9-4C48-944B-6DF47E596DC9}.Debug|Any CPU.ActiveCfg = Debug|Any CPU
		{91779A7F-D1F9-4C48-944B-6DF47E596DC9}.Debug|Any CPU.Build.0 = Debug|Any CPU
		{91779A7F-D1F9-4C48-944B-6DF47E596DC9}.Release|Any CPU.ActiveCfg = Release|Any CPU
		{91779A7F-D1F9-4C48-944B-6DF47E596DC9}.Release|Any CPU.Build.0 = Release|Any CPU
		{46D98F5F-E49F-4D55-97AB-7D621CA389AC}.Debug|Any CPU.ActiveCfg = Debug|Any CPU
		{46D98F5F-E49F-4D55-97AB-7D621CA389AC}.Debug|Any CPU.Build.0 = Debug|Any CPU
		{46D98F5F-E49F-4D55-97AB-7D621CA389AC}.Release|Any CPU.ActiveCfg = Release|Any CPU
		{46D98F5F-E49F-4D55-97AB-7D621CA389AC}.Release|Any CPU.Build.0 = Release|Any CPU
		{4F9E52D9-6FC9-4F97-8117-4FF02D9C321F}.Debug|Any CPU.ActiveCfg = Debug|Any CPU
		{4F9E52D9-6FC9-4F97-8117-4FF02D9C321F}.Debug|Any CPU.Build.0 = Debug|Any CPU
		{4F9E52D9-6FC9-4F97-8117-4FF02D9C321F}.Release|Any CPU.ActiveCfg = Release|Any CPU
		{4F9E52D9-6FC9-4F97-8117-4FF02D9C321F}.Release|Any CPU.Build.0 = Release|Any CPU
		{CB76939C-C56C-4246-ACAB-233A43DFF9EE}.Debug|Any CPU.ActiveCfg = Debug|Any CPU
		{CB76939C-C56C-4246-ACAB-233A43DFF9EE}.Debug|Any CPU.Build.0 = Debug|Any CPU
		{CB76939C-C56C-4246-ACAB-233A43DFF9EE}.Release|Any CPU.ActiveCfg = Release|Any CPU
		{CB76939C-C56C-4246-ACAB-233A43DFF9EE}.Release|Any CPU.Build.0 = Release|Any CPU
		{AA5D66BC-F4B0-4B3F-9873-32005C9DC0C2}.Debug|Any CPU.ActiveCfg = Debug|Any CPU
		{AA5D66BC-F4B0-4B3F-9873-32005C9DC0C2}.Debug|Any CPU.Build.0 = Debug|Any CPU
		{AA5D66BC-F4B0-4B3F-9873-32005C9DC0C2}.Release|Any CPU.ActiveCfg = Release|Any CPU
		{AA5D66BC-F4B0-4B3F-9873-32005C9DC0C2}.Release|Any CPU.Build.0 = Release|Any CPU
	EndGlobalSection
	GlobalSection(SolutionProperties) = preSolution
		HideSolutionNode = FALSE
	EndGlobalSection
	GlobalSection(ExtensibilityGlobals) = postSolution
		SolutionGuid = {622DB260-7AA9-4121-A6E1-44DDD516EF15}
	EndGlobalSection
EndGlobal
